
Microsoft Visual Studio Solution File, Format Version 12.00
# Visual Studio Version 17
VisualStudioVersion = 17.8.34330.188
MinimumVisualStudioVersion = 10.0.40219.1
Project("{FAE04EC0-301F-11D3-BF4B-00C04F79EFBC}") = "ActivityClubPortal.API", "ActivityClubPortal.API\ActivityClubPortal.API.csproj", "{6DB3EAF1-8DC9-48BA-B5F4-C4D43E57E0C7}"
EndProject
Project("{FAE04EC0-301F-11D3-BF4B-00C04F79EFBC}") = "ActivityClubPortal.Core", "ActivityClubPortal.Core\ActivityClubPortal.Core.csproj", "{D321FA0E-1D84-4C4F-9841-1E0978BAE910}"
EndProject
Project("{FAE04EC0-301F-11D3-BF4B-00C04F79EFBC}") = "ActivityClubPortal.Services", "ActivityClubPortal.Services\ActivityClubPortal.Services.csproj", "{40A770E3-69BF-430B-A53B-93BE78C36BDF}"
EndProject
Global
	GlobalSection(SolutionConfigurationPlatforms) = preSolution
		Debug|Any CPU = Debug|Any CPU
		Release|Any CPU = Release|Any CPU
	EndGlobalSection
	GlobalSection(ProjectConfigurationPlatforms) = postSolution
		{6DB3EAF1-8DC9-48BA-B5F4-C4D43E57E0C7}.Debug|Any CPU.ActiveCfg = Debug|Any CPU
		{6DB3EAF1-8DC9-48BA-B5F4-C4D43E57E0C7}.Debug|Any CPU.Build.0 = Debug|Any CPU
		{6DB3EAF1-8DC9-48BA-B5F4-C4D43E57E0C7}.Release|Any CPU.ActiveCfg = Release|Any CPU
		{6DB3EAF1-8DC9-48BA-B5F4-C4D43E57E0C7}.Release|Any CPU.Build.0 = Release|Any CPU
		{D321FA0E-1D84-4C4F-9841-1E0978BAE910}.Debug|Any CPU.ActiveCfg = Debug|Any CPU
		{D321FA0E-1D84-4C4F-9841-1E0978BAE910}.Debug|Any CPU.Build.0 = Debug|Any CPU
		{D321FA0E-1D84-4C4F-9841-1E0978BAE910}.Release|Any CPU.ActiveCfg = Release|Any CPU
		{D321FA0E-1D84-4C4F-9841-1E0978BAE910}.Release|Any CPU.Build.0 = Release|Any CPU
		{40A770E3-69BF-430B-A53B-93BE78C36BDF}.Debug|Any CPU.ActiveCfg = Debug|Any CPU
		{40A770E3-69BF-430B-A53B-93BE78C36BDF}.Debug|Any CPU.Build.0 = Debug|Any CPU
		{40A770E3-69BF-430B-A53B-93BE78C36BDF}.Release|Any CPU.ActiveCfg = Release|Any CPU
		{40A770E3-69BF-430B-A53B-93BE78C36BDF}.Release|Any CPU.Build.0 = Release|Any CPU
	EndGlobalSection
	GlobalSection(SolutionProperties) = preSolution
		HideSolutionNode = FALSE
	EndGlobalSection
	GlobalSection(ExtensibilityGlobals) = postSolution
		SolutionGuid = {D4D4F3C0-1753-447E-8399-391A7BA94B21}
	EndGlobalSection
EndGlobal
